// !$*UTF8*$!
{
	archiveVersion = 1;
	classes = {
	};
	objectVersion = 46;
	objects = {

/* Begin PBXBuildFile section */
		3909F0BC1EB3014C00029E44 /* WallMapViewController.swift in Sources */ = {isa = PBXBuildFile; fileRef = 3909F0BB1EB3014C00029E44 /* WallMapViewController.swift */; };
		3909F0BE1EB3017800029E44 /* WallViewController.swift in Sources */ = {isa = PBXBuildFile; fileRef = 3909F0BD1EB3017800029E44 /* WallViewController.swift */; };
		3909F0C01EB301C600029E44 /* ARItem.swift in Sources */ = {isa = PBXBuildFile; fileRef = 3909F0BF1EB301C600029E44 /* ARItem.swift */; };
		3909F0C21EB3020A00029E44 /* WallMapAnnotation.swift in Sources */ = {isa = PBXBuildFile; fileRef = 3909F0C11EB3020A00029E44 /* WallMapAnnotation.swift */; };
		3909F0C41EB3028100029E44 /* art.scnassets in Resources */ = {isa = PBXBuildFile; fileRef = 3909F0C31EB3028100029E44 /* art.scnassets */; };
		3909F0C61EB3089700029E44 /* WriteOnWallViewController.swift in Sources */ = {isa = PBXBuildFile; fileRef = 3909F0C51EB3089700029E44 /* WriteOnWallViewController.swift */; };
		3920BEB71EAF0A5B00DE76C1 /* ChooseLocationViewController.swift in Sources */ = {isa = PBXBuildFile; fileRef = 3920BEB61EAF0A5B00DE76C1 /* ChooseLocationViewController.swift */; };
		39452CEB1EB6BE2E00DE9080 /* TesseractOCR.framework in Frameworks */ = {isa = PBXBuildFile; fileRef = 39452CEA1EB6BE2E00DE9080 /* TesseractOCR.framework */; };
		39452CEE1EB6BEC700DE9080 /* tessdata in Resources */ = {isa = PBXBuildFile; fileRef = 39452CED1EB6BEC700DE9080 /* tessdata */; };
		39452CF01EB6BF6900DE9080 /* CoreImage.framework in Frameworks */ = {isa = PBXBuildFile; fileRef = 39452CEF1EB6BF6900DE9080 /* CoreImage.framework */; };
		39452CF21EB6BFB100DE9080 /* libstdc++.6.0.9.tbd in Frameworks */ = {isa = PBXBuildFile; fileRef = 39452CF11EB6BFB100DE9080 /* libstdc++.6.0.9.tbd */; };
		394602041EAD33DD00BAAC4F /* AppDelegate.swift in Sources */ = {isa = PBXBuildFile; fileRef = 394602031EAD33DD00BAAC4F /* AppDelegate.swift */; };
		394602061EAD33DD00BAAC4F /* LoginViewController.swift in Sources */ = {isa = PBXBuildFile; fileRef = 394602051EAD33DD00BAAC4F /* LoginViewController.swift */; };
		394602091EAD33DD00BAAC4F /* Main.storyboard in Resources */ = {isa = PBXBuildFile; fileRef = 394602071EAD33DD00BAAC4F /* Main.storyboard */; };
		3946020B1EAD33DD00BAAC4F /* Assets.xcassets in Resources */ = {isa = PBXBuildFile; fileRef = 3946020A1EAD33DD00BAAC4F /* Assets.xcassets */; };
		3946020E1EAD33DD00BAAC4F /* LaunchScreen.storyboard in Resources */ = {isa = PBXBuildFile; fileRef = 3946020C1EAD33DD00BAAC4F /* LaunchScreen.storyboard */; };
		3954F5DA1EB1BD8400C234F2 /* Todo.storyboard in Resources */ = {isa = PBXBuildFile; fileRef = 3954F5D91EB1BD8400C234F2 /* Todo.storyboard */; };
		3954F5DC1EB1BDC500C234F2 /* TodoViewController.swift in Sources */ = {isa = PBXBuildFile; fileRef = 3954F5DB1EB1BDC500C234F2 /* TodoViewController.swift */; };
		3954F5DE1EB1BE4600C234F2 /* TableViewCell.swift in Sources */ = {isa = PBXBuildFile; fileRef = 3954F5DD1EB1BE4600C234F2 /* TableViewCell.swift */; };
		3954F5E01EB1BE6700C234F2 /* ToDoItem.swift in Sources */ = {isa = PBXBuildFile; fileRef = 3954F5DF1EB1BE6700C234F2 /* ToDoItem.swift */; };
		3954F5E21EB1BF1600C234F2 /* StrikeThroughText.swift in Sources */ = {isa = PBXBuildFile; fileRef = 3954F5E11EB1BF1600C234F2 /* StrikeThroughText.swift */; };
		3954F5E41EB1C4A300C234F2 /* SettingsViewController.swift in Sources */ = {isa = PBXBuildFile; fileRef = 3954F5E31EB1C4A300C234F2 /* SettingsViewController.swift */; };
		3958077D1EB441F000EAE714 /* PhotoMap.xcdatamodeld in Sources */ = {isa = PBXBuildFile; fileRef = 3958077B1EB441F000EAE714 /* PhotoMap.xcdatamodeld */; };
		3958077F1EB6D57500EAE714 /* FullImageViewController.swift in Sources */ = {isa = PBXBuildFile; fileRef = 3958077E1EB6D57500EAE714 /* FullImageViewController.swift */; };
		396FDEAC1EB04729005657BB /* WeatherClient.swift in Sources */ = {isa = PBXBuildFile; fileRef = 396FDEAB1EB04729005657BB /* WeatherClient.swift */; };
		396FDEAE1EB0549D005657BB /* MapKit.framework in Frameworks */ = {isa = PBXBuildFile; fileRef = 396FDEAD1EB0549D005657BB /* MapKit.framework */; };
		396FDEB01EB05931005657BB /* PhotoAnnotation.swift in Sources */ = {isa = PBXBuildFile; fileRef = 396FDEAF1EB05931005657BB /* PhotoAnnotation.swift */; };
		39934DB51EBB0D3A00D54797 /* NetworkHelpers.swift in Sources */ = {isa = PBXBuildFile; fileRef = 39934DB41EBB0D3A00D54797 /* NetworkHelpers.swift */; };
		39D762DE1EADB2A8000ED44F /* FixerClient.swift in Sources */ = {isa = PBXBuildFile; fileRef = 39D762DD1EADB2A8000ED44F /* FixerClient.swift */; };
		39E225C61EAF0A8F0064C27F /* ChooseLocation.storyboard in Resources */ = {isa = PBXBuildFile; fileRef = 39E225C51EAF0A8F0064C27F /* ChooseLocation.storyboard */; };
		39E225C81EAF0AFE0064C27F /* Hamburger.storyboard in Resources */ = {isa = PBXBuildFile; fileRef = 39E225C71EAF0AFE0064C27F /* Hamburger.storyboard */; };
		39E225CA1EAF0CC50064C27F /* HamburgerViewController.swift in Sources */ = {isa = PBXBuildFile; fileRef = 39E225C91EAF0CC50064C27F /* HamburgerViewController.swift */; };
		39E225CC1EAF0EA40064C27F /* MenuViewController.swift in Sources */ = {isa = PBXBuildFile; fileRef = 39E225CB1EAF0EA40064C27F /* MenuViewController.swift */; };
		39E225CE1EAF13480064C27F /* Home.storyboard in Resources */ = {isa = PBXBuildFile; fileRef = 39E225CD1EAF13480064C27F /* Home.storyboard */; };
		39E225D01EAF135A0064C27F /* HomeViewController.swift in Sources */ = {isa = PBXBuildFile; fileRef = 39E225CF1EAF135A0064C27F /* HomeViewController.swift */; };
		39E225D21EAF14DC0064C27F /* DashBaseViewController.swift in Sources */ = {isa = PBXBuildFile; fileRef = 39E225D11EAF14DC0064C27F /* DashBaseViewController.swift */; };
		39E225D41EAF15540064C27F /* WeatherStation.storyboard in Resources */ = {isa = PBXBuildFile; fileRef = 39E225D31EAF15540064C27F /* WeatherStation.storyboard */; };
		39E225D61EAF159A0064C27F /* WeatherStationViewController.swift in Sources */ = {isa = PBXBuildFile; fileRef = 39E225D51EAF159A0064C27F /* WeatherStationViewController.swift */; };
		39E225D81EAF192F0064C27F /* Finances.storyboard in Resources */ = {isa = PBXBuildFile; fileRef = 39E225D71EAF192F0064C27F /* Finances.storyboard */; };
		39E225DA1EAF19560064C27F /* FinancesViewController.swift in Sources */ = {isa = PBXBuildFile; fileRef = 39E225D91EAF19560064C27F /* FinancesViewController.swift */; };
		39E225E01EAF1A140064C27F /* Pois.storyboard in Resources */ = {isa = PBXBuildFile; fileRef = 39E225DF1EAF1A140064C27F /* Pois.storyboard */; };
		39E225E21EAF1A4C0064C27F /* PhotoMap.storyboard in Resources */ = {isa = PBXBuildFile; fileRef = 39E225E11EAF1A4C0064C27F /* PhotoMap.storyboard */; };
		39E225E41EAF1A5F0064C27F /* TheWall.storyboard in Resources */ = {isa = PBXBuildFile; fileRef = 39E225E31EAF1A5F0064C27F /* TheWall.storyboard */; };
		39E225E61EAF1A6F0064C27F /* PoisViewController.swift in Sources */ = {isa = PBXBuildFile; fileRef = 39E225E51EAF1A6F0064C27F /* PoisViewController.swift */; };
		39E225E81EAF1A7B0064C27F /* PhotoMapViewController.swift in Sources */ = {isa = PBXBuildFile; fileRef = 39E225E71EAF1A7B0064C27F /* PhotoMapViewController.swift */; };
		39E225EA1EAF1A880064C27F /* TheWallViewController.swift in Sources */ = {isa = PBXBuildFile; fileRef = 39E225E91EAF1A880064C27F /* TheWallViewController.swift */; };
		39E225EC1EAF1FC90064C27F /* PlaceLoader.swift in Sources */ = {isa = PBXBuildFile; fileRef = 39E225EB1EAF1FC90064C27F /* PlaceLoader.swift */; };
		39E225EE1EAF1FEA0064C27F /* PlaceAnnotation.swift in Sources */ = {isa = PBXBuildFile; fileRef = 39E225ED1EAF1FEA0064C27F /* PlaceAnnotation.swift */; };
		39E225F01EAF1FFB0064C27F /* Place.swift in Sources */ = {isa = PBXBuildFile; fileRef = 39E225EF1EAF1FFB0064C27F /* Place.swift */; };
		39E225F21EAF20130064C27F /* AnnotationView.swift in Sources */ = {isa = PBXBuildFile; fileRef = 39E225F11EAF20130064C27F /* AnnotationView.swift */; };
		39E226011EAF20330064C27F /* ARAnnotation.swift in Sources */ = {isa = PBXBuildFile; fileRef = 39E225F51EAF20330064C27F /* ARAnnotation.swift */; };
		39E226021EAF20330064C27F /* ARAnnotationView.swift in Sources */ = {isa = PBXBuildFile; fileRef = 39E225F61EAF20330064C27F /* ARAnnotationView.swift */; };
		39E226031EAF20330064C27F /* ARConfiguration.swift in Sources */ = {isa = PBXBuildFile; fileRef = 39E225F71EAF20330064C27F /* ARConfiguration.swift */; };
		39E226041EAF20330064C27F /* ARTrackingManager.swift in Sources */ = {isa = PBXBuildFile; fileRef = 39E225F81EAF20330064C27F /* ARTrackingManager.swift */; };
		39E226051EAF20330064C27F /* ARViewController.swift in Sources */ = {isa = PBXBuildFile; fileRef = 39E225F91EAF20330064C27F /* ARViewController.swift */; };
		39E226061EAF20330064C27F /* DebugMapViewController.swift in Sources */ = {isa = PBXBuildFile; fileRef = 39E225FB1EAF20330064C27F /* DebugMapViewController.swift */; };
		39E226071EAF20330064C27F /* DebugMapViewController.xib in Resources */ = {isa = PBXBuildFile; fileRef = 39E225FD1EAF20330064C27F /* DebugMapViewController.xib */; };
		39E226081EAF20330064C27F /* hdar_close.png in Resources */ = {isa = PBXBuildFile; fileRef = 39E225FE1EAF20330064C27F /* hdar_close.png */; };
		39E226091EAF20330064C27F /* hdar_close@2x.png in Resources */ = {isa = PBXBuildFile; fileRef = 39E225FF1EAF20330064C27F /* hdar_close@2x.png */; };
		39E2260A1EAF20330064C27F /* hdar_close@3x.png in Resources */ = {isa = PBXBuildFile; fileRef = 39E226001EAF20330064C27F /* hdar_close@3x.png */; };
		39F84D721EBBED6F00BAE34F /* HistoricalCurrencyViewController.swift in Sources */ = {isa = PBXBuildFile; fileRef = 39F84D711EBBED6F00BAE34F /* HistoricalCurrencyViewController.swift */; };
		747CA54C99CC378E043CE25C /* Pods_GroupProject.framework in Frameworks */ = {isa = PBXBuildFile; fileRef = A8840C912490DCFBF5D8C4FC /* Pods_GroupProject.framework */; };
		CB6CC3451EBB8D9F00351372 /* MenuCell.swift in Sources */ = {isa = PBXBuildFile; fileRef = CB6CC3441EBB8D9F00351372 /* MenuCell.swift */; };
		CB6CC3471EBB910400351372 /* Assets.xcassets in Resources */ = {isa = PBXBuildFile; fileRef = CB6CC3461EBB910400351372 /* Assets.xcassets */; };
		CBE20F291EB1CE0C0007776F /* WeatherCell.swift in Sources */ = {isa = PBXBuildFile; fileRef = CBE20F271EB1CE0C0007776F /* WeatherCell.swift */; };
		CBE20F2A1EB1CE0C0007776F /* WeatherForecast.swift in Sources */ = {isa = PBXBuildFile; fileRef = CBE20F281EB1CE0C0007776F /* WeatherForecast.swift */; };
/* End PBXBuildFile section */

/* Begin PBXFileReference section */
		0D7A177C130AF460D21FD878 /* Pods-GroupProject.debug.xcconfig */ = {isa = PBXFileReference; includeInIndex = 1; lastKnownFileType = text.xcconfig; name = "Pods-GroupProject.debug.xcconfig"; path = "Pods/Target Support Files/Pods-GroupProject/Pods-GroupProject.debug.xcconfig"; sourceTree = "<group>"; };
		3909F0BB1EB3014C00029E44 /* WallMapViewController.swift */ = {isa = PBXFileReference; fileEncoding = 4; lastKnownFileType = sourcecode.swift; path = WallMapViewController.swift; sourceTree = "<group>"; };
		3909F0BD1EB3017800029E44 /* WallViewController.swift */ = {isa = PBXFileReference; fileEncoding = 4; lastKnownFileType = sourcecode.swift; path = WallViewController.swift; sourceTree = "<group>"; };
		3909F0BF1EB301C600029E44 /* ARItem.swift */ = {isa = PBXFileReference; fileEncoding = 4; lastKnownFileType = sourcecode.swift; path = ARItem.swift; sourceTree = "<group>"; };
		3909F0C11EB3020A00029E44 /* WallMapAnnotation.swift */ = {isa = PBXFileReference; fileEncoding = 4; lastKnownFileType = sourcecode.swift; path = WallMapAnnotation.swift; sourceTree = "<group>"; };
		3909F0C31EB3028100029E44 /* art.scnassets */ = {isa = PBXFileReference; lastKnownFileType = wrapper.scnassets; path = art.scnassets; sourceTree = "<group>"; };
		3909F0C51EB3089700029E44 /* WriteOnWallViewController.swift */ = {isa = PBXFileReference; fileEncoding = 4; lastKnownFileType = sourcecode.swift; path = WriteOnWallViewController.swift; sourceTree = "<group>"; };
		3920BEB61EAF0A5B00DE76C1 /* ChooseLocationViewController.swift */ = {isa = PBXFileReference; fileEncoding = 4; lastKnownFileType = sourcecode.swift; path = ChooseLocationViewController.swift; sourceTree = "<group>"; };
		39452CEA1EB6BE2E00DE9080 /* TesseractOCR.framework */ = {isa = PBXFileReference; lastKnownFileType = wrapper.framework; path = TesseractOCR.framework; sourceTree = "<group>"; };
		39452CED1EB6BEC700DE9080 /* tessdata */ = {isa = PBXFileReference; lastKnownFileType = folder; path = tessdata; sourceTree = "<group>"; };
		39452CEF1EB6BF6900DE9080 /* CoreImage.framework */ = {isa = PBXFileReference; lastKnownFileType = wrapper.framework; name = CoreImage.framework; path = System/Library/Frameworks/CoreImage.framework; sourceTree = SDKROOT; };
		39452CF11EB6BFB100DE9080 /* libstdc++.6.0.9.tbd */ = {isa = PBXFileReference; lastKnownFileType = "sourcecode.text-based-dylib-definition"; name = "libstdc++.6.0.9.tbd"; path = "usr/lib/libstdc++.6.0.9.tbd"; sourceTree = SDKROOT; };
		39452CF31EB6C03100DE9080 /* GroupProject-Bridging-Header.h */ = {isa = PBXFileReference; lastKnownFileType = sourcecode.c.h; path = "GroupProject-Bridging-Header.h"; sourceTree = "<group>"; };
		394602001EAD33DD00BAAC4F /* GroupProject.app */ = {isa = PBXFileReference; explicitFileType = wrapper.application; includeInIndex = 0; path = GroupProject.app; sourceTree = BUILT_PRODUCTS_DIR; };
		394602031EAD33DD00BAAC4F /* AppDelegate.swift */ = {isa = PBXFileReference; lastKnownFileType = sourcecode.swift; path = AppDelegate.swift; sourceTree = "<group>"; };
		394602051EAD33DD00BAAC4F /* LoginViewController.swift */ = {isa = PBXFileReference; lastKnownFileType = sourcecode.swift; path = LoginViewController.swift; sourceTree = "<group>"; };
		394602081EAD33DD00BAAC4F /* Base */ = {isa = PBXFileReference; lastKnownFileType = file.storyboard; name = Base; path = Base.lproj/Main.storyboard; sourceTree = "<group>"; };
		3946020A1EAD33DD00BAAC4F /* Assets.xcassets */ = {isa = PBXFileReference; lastKnownFileType = folder.assetcatalog; path = Assets.xcassets; sourceTree = "<group>"; };
		3946020D1EAD33DD00BAAC4F /* Base */ = {isa = PBXFileReference; lastKnownFileType = file.storyboard; name = Base; path = Base.lproj/LaunchScreen.storyboard; sourceTree = "<group>"; };
		3946020F1EAD33DD00BAAC4F /* Info.plist */ = {isa = PBXFileReference; lastKnownFileType = text.plist.xml; path = Info.plist; sourceTree = "<group>"; };
		3954F5D91EB1BD8400C234F2 /* Todo.storyboard */ = {isa = PBXFileReference; fileEncoding = 4; lastKnownFileType = file.storyboard; path = Todo.storyboard; sourceTree = "<group>"; };
		3954F5DB1EB1BDC500C234F2 /* TodoViewController.swift */ = {isa = PBXFileReference; fileEncoding = 4; lastKnownFileType = sourcecode.swift; path = TodoViewController.swift; sourceTree = "<group>"; };
		3954F5DD1EB1BE4600C234F2 /* TableViewCell.swift */ = {isa = PBXFileReference; fileEncoding = 4; lastKnownFileType = sourcecode.swift; path = TableViewCell.swift; sourceTree = "<group>"; };
		3954F5DF1EB1BE6700C234F2 /* ToDoItem.swift */ = {isa = PBXFileReference; fileEncoding = 4; lastKnownFileType = sourcecode.swift; path = ToDoItem.swift; sourceTree = "<group>"; };
		3954F5E11EB1BF1600C234F2 /* StrikeThroughText.swift */ = {isa = PBXFileReference; fileEncoding = 4; lastKnownFileType = sourcecode.swift; path = StrikeThroughText.swift; sourceTree = "<group>"; };
		3954F5E31EB1C4A300C234F2 /* SettingsViewController.swift */ = {isa = PBXFileReference; fileEncoding = 4; lastKnownFileType = sourcecode.swift; path = SettingsViewController.swift; sourceTree = "<group>"; };
		3958077C1EB441F000EAE714 /* PhotoMap.xcdatamodel */ = {isa = PBXFileReference; lastKnownFileType = wrapper.xcdatamodel; path = PhotoMap.xcdatamodel; sourceTree = "<group>"; };
		3958077E1EB6D57500EAE714 /* FullImageViewController.swift */ = {isa = PBXFileReference; fileEncoding = 4; lastKnownFileType = sourcecode.swift; path = FullImageViewController.swift; sourceTree = "<group>"; };
		396FDEAB1EB04729005657BB /* WeatherClient.swift */ = {isa = PBXFileReference; fileEncoding = 4; lastKnownFileType = sourcecode.swift; path = WeatherClient.swift; sourceTree = "<group>"; };
		396FDEAD1EB0549D005657BB /* MapKit.framework */ = {isa = PBXFileReference; lastKnownFileType = wrapper.framework; name = MapKit.framework; path = System/Library/Frameworks/MapKit.framework; sourceTree = SDKROOT; };
		396FDEAF1EB05931005657BB /* PhotoAnnotation.swift */ = {isa = PBXFileReference; fileEncoding = 4; lastKnownFileType = sourcecode.swift; path = PhotoAnnotation.swift; sourceTree = "<group>"; };
		39934DB41EBB0D3A00D54797 /* NetworkHelpers.swift */ = {isa = PBXFileReference; fileEncoding = 4; lastKnownFileType = sourcecode.swift; path = NetworkHelpers.swift; sourceTree = "<group>"; };
		39D762DD1EADB2A8000ED44F /* FixerClient.swift */ = {isa = PBXFileReference; fileEncoding = 4; lastKnownFileType = sourcecode.swift; path = FixerClient.swift; sourceTree = "<group>"; };
		39E225C51EAF0A8F0064C27F /* ChooseLocation.storyboard */ = {isa = PBXFileReference; fileEncoding = 4; lastKnownFileType = file.storyboard; path = ChooseLocation.storyboard; sourceTree = "<group>"; };
		39E225C71EAF0AFE0064C27F /* Hamburger.storyboard */ = {isa = PBXFileReference; fileEncoding = 4; lastKnownFileType = file.storyboard; path = Hamburger.storyboard; sourceTree = "<group>"; };
		39E225C91EAF0CC50064C27F /* HamburgerViewController.swift */ = {isa = PBXFileReference; fileEncoding = 4; lastKnownFileType = sourcecode.swift; path = HamburgerViewController.swift; sourceTree = "<group>"; };
		39E225CB1EAF0EA40064C27F /* MenuViewController.swift */ = {isa = PBXFileReference; fileEncoding = 4; lastKnownFileType = sourcecode.swift; path = MenuViewController.swift; sourceTree = "<group>"; };
		39E225CD1EAF13480064C27F /* Home.storyboard */ = {isa = PBXFileReference; fileEncoding = 4; lastKnownFileType = file.storyboard; path = Home.storyboard; sourceTree = "<group>"; };
		39E225CF1EAF135A0064C27F /* HomeViewController.swift */ = {isa = PBXFileReference; fileEncoding = 4; lastKnownFileType = sourcecode.swift; path = HomeViewController.swift; sourceTree = "<group>"; };
		39E225D11EAF14DC0064C27F /* DashBaseViewController.swift */ = {isa = PBXFileReference; fileEncoding = 4; lastKnownFileType = sourcecode.swift; path = DashBaseViewController.swift; sourceTree = "<group>"; };
		39E225D31EAF15540064C27F /* WeatherStation.storyboard */ = {isa = PBXFileReference; fileEncoding = 4; lastKnownFileType = file.storyboard; path = WeatherStation.storyboard; sourceTree = "<group>"; };
		39E225D51EAF159A0064C27F /* WeatherStationViewController.swift */ = {isa = PBXFileReference; fileEncoding = 4; lastKnownFileType = sourcecode.swift; path = WeatherStationViewController.swift; sourceTree = "<group>"; };
		39E225D71EAF192F0064C27F /* Finances.storyboard */ = {isa = PBXFileReference; fileEncoding = 4; lastKnownFileType = file.storyboard; path = Finances.storyboard; sourceTree = "<group>"; };
		39E225D91EAF19560064C27F /* FinancesViewController.swift */ = {isa = PBXFileReference; fileEncoding = 4; lastKnownFileType = sourcecode.swift; path = FinancesViewController.swift; sourceTree = "<group>"; };
		39E225DF1EAF1A140064C27F /* Pois.storyboard */ = {isa = PBXFileReference; fileEncoding = 4; lastKnownFileType = file.storyboard; path = Pois.storyboard; sourceTree = "<group>"; };
		39E225E11EAF1A4C0064C27F /* PhotoMap.storyboard */ = {isa = PBXFileReference; fileEncoding = 4; lastKnownFileType = file.storyboard; path = PhotoMap.storyboard; sourceTree = "<group>"; };
		39E225E31EAF1A5F0064C27F /* TheWall.storyboard */ = {isa = PBXFileReference; fileEncoding = 4; lastKnownFileType = file.storyboard; path = TheWall.storyboard; sourceTree = "<group>"; };
		39E225E51EAF1A6F0064C27F /* PoisViewController.swift */ = {isa = PBXFileReference; fileEncoding = 4; lastKnownFileType = sourcecode.swift; path = PoisViewController.swift; sourceTree = "<group>"; };
		39E225E71EAF1A7B0064C27F /* PhotoMapViewController.swift */ = {isa = PBXFileReference; fileEncoding = 4; lastKnownFileType = sourcecode.swift; path = PhotoMapViewController.swift; sourceTree = "<group>"; };
		39E225E91EAF1A880064C27F /* TheWallViewController.swift */ = {isa = PBXFileReference; fileEncoding = 4; lastKnownFileType = sourcecode.swift; path = TheWallViewController.swift; sourceTree = "<group>"; };
		39E225EB1EAF1FC90064C27F /* PlaceLoader.swift */ = {isa = PBXFileReference; fileEncoding = 4; lastKnownFileType = sourcecode.swift; path = PlaceLoader.swift; sourceTree = "<group>"; };
		39E225ED1EAF1FEA0064C27F /* PlaceAnnotation.swift */ = {isa = PBXFileReference; fileEncoding = 4; lastKnownFileType = sourcecode.swift; path = PlaceAnnotation.swift; sourceTree = "<group>"; };
		39E225EF1EAF1FFB0064C27F /* Place.swift */ = {isa = PBXFileReference; fileEncoding = 4; lastKnownFileType = sourcecode.swift; path = Place.swift; sourceTree = "<group>"; };
		39E225F11EAF20130064C27F /* AnnotationView.swift */ = {isa = PBXFileReference; fileEncoding = 4; lastKnownFileType = sourcecode.swift; path = AnnotationView.swift; sourceTree = "<group>"; };
		39E225F51EAF20330064C27F /* ARAnnotation.swift */ = {isa = PBXFileReference; fileEncoding = 4; lastKnownFileType = sourcecode.swift; path = ARAnnotation.swift; sourceTree = "<group>"; };
		39E225F61EAF20330064C27F /* ARAnnotationView.swift */ = {isa = PBXFileReference; fileEncoding = 4; lastKnownFileType = sourcecode.swift; path = ARAnnotationView.swift; sourceTree = "<group>"; };
		39E225F71EAF20330064C27F /* ARConfiguration.swift */ = {isa = PBXFileReference; fileEncoding = 4; lastKnownFileType = sourcecode.swift; path = ARConfiguration.swift; sourceTree = "<group>"; };
		39E225F81EAF20330064C27F /* ARTrackingManager.swift */ = {isa = PBXFileReference; fileEncoding = 4; lastKnownFileType = sourcecode.swift; path = ARTrackingManager.swift; sourceTree = "<group>"; };
		39E225F91EAF20330064C27F /* ARViewController.swift */ = {isa = PBXFileReference; fileEncoding = 4; lastKnownFileType = sourcecode.swift; path = ARViewController.swift; sourceTree = "<group>"; };
		39E225FB1EAF20330064C27F /* DebugMapViewController.swift */ = {isa = PBXFileReference; fileEncoding = 4; lastKnownFileType = sourcecode.swift; path = DebugMapViewController.swift; sourceTree = "<group>"; };
		39E225FD1EAF20330064C27F /* DebugMapViewController.xib */ = {isa = PBXFileReference; fileEncoding = 4; lastKnownFileType = file.xib; path = DebugMapViewController.xib; sourceTree = "<group>"; };
		39E225FE1EAF20330064C27F /* hdar_close.png */ = {isa = PBXFileReference; lastKnownFileType = image.png; path = hdar_close.png; sourceTree = "<group>"; };
		39E225FF1EAF20330064C27F /* hdar_close@2x.png */ = {isa = PBXFileReference; lastKnownFileType = image.png; path = "hdar_close@2x.png"; sourceTree = "<group>"; };
		39E226001EAF20330064C27F /* hdar_close@3x.png */ = {isa = PBXFileReference; lastKnownFileType = image.png; path = "hdar_close@3x.png"; sourceTree = "<group>"; };
		39F84D711EBBED6F00BAE34F /* HistoricalCurrencyViewController.swift */ = {isa = PBXFileReference; fileEncoding = 4; lastKnownFileType = sourcecode.swift; path = HistoricalCurrencyViewController.swift; sourceTree = "<group>"; };
		861B29CEEA68F6F26DC83B98 /* Pods-GroupProject.release.xcconfig */ = {isa = PBXFileReference; includeInIndex = 1; lastKnownFileType = text.xcconfig; name = "Pods-GroupProject.release.xcconfig"; path = "Pods/Target Support Files/Pods-GroupProject/Pods-GroupProject.release.xcconfig"; sourceTree = "<group>"; };
		A8840C912490DCFBF5D8C4FC /* Pods_GroupProject.framework */ = {isa = PBXFileReference; explicitFileType = wrapper.framework; includeInIndex = 0; path = Pods_GroupProject.framework; sourceTree = BUILT_PRODUCTS_DIR; };
		CB6CC3441EBB8D9F00351372 /* MenuCell.swift */ = {isa = PBXFileReference; fileEncoding = 4; lastKnownFileType = sourcecode.swift; path = MenuCell.swift; sourceTree = "<group>"; };
		CB6CC3461EBB910400351372 /* Assets.xcassets */ = {isa = PBXFileReference; lastKnownFileType = folder.assetcatalog; name = Assets.xcassets; path = GroupProject/Assets.xcassets; sourceTree = "<group>"; };
		CBE20F271EB1CE0C0007776F /* WeatherCell.swift */ = {isa = PBXFileReference; fileEncoding = 4; lastKnownFileType = sourcecode.swift; path = WeatherCell.swift; sourceTree = "<group>"; };
		CBE20F281EB1CE0C0007776F /* WeatherForecast.swift */ = {isa = PBXFileReference; fileEncoding = 4; lastKnownFileType = sourcecode.swift; path = WeatherForecast.swift; sourceTree = "<group>"; };
/* End PBXFileReference section */

/* Begin PBXFrameworksBuildPhase section */
		394601FD1EAD33DD00BAAC4F /* Frameworks */ = {
			isa = PBXFrameworksBuildPhase;
			buildActionMask = 2147483647;
			files = (
				39452CF21EB6BFB100DE9080 /* libstdc++.6.0.9.tbd in Frameworks */,
				39452CF01EB6BF6900DE9080 /* CoreImage.framework in Frameworks */,
				396FDEAE1EB0549D005657BB /* MapKit.framework in Frameworks */,
				39452CEB1EB6BE2E00DE9080 /* TesseractOCR.framework in Frameworks */,
				747CA54C99CC378E043CE25C /* Pods_GroupProject.framework in Frameworks */,
			);
			runOnlyForDeploymentPostprocessing = 0;
		};
/* End PBXFrameworksBuildPhase section */

/* Begin PBXGroup section */
		3920BEAF1EAEE48700DE76C1 /* API */ = {
			isa = PBXGroup;
			children = (
				39934DB41EBB0D3A00D54797 /* NetworkHelpers.swift */,
				39D762DD1EADB2A8000ED44F /* FixerClient.swift */,
				39E225EB1EAF1FC90064C27F /* PlaceLoader.swift */,
				396FDEAB1EB04729005657BB /* WeatherClient.swift */,
			);
			name = API;
			sourceTree = "<group>";
		};
		3920BEB01EAEE49300DE76C1 /* Controller */ = {
			isa = PBXGroup;
			children = (
				3920BEB61EAF0A5B00DE76C1 /* ChooseLocationViewController.swift */,
				39E225D11EAF14DC0064C27F /* DashBaseViewController.swift */,
				39E225D91EAF19560064C27F /* FinancesViewController.swift */,
				39E225C91EAF0CC50064C27F /* HamburgerViewController.swift */,
				39E225CF1EAF135A0064C27F /* HomeViewController.swift */,
				394602051EAD33DD00BAAC4F /* LoginViewController.swift */,
				39E225CB1EAF0EA40064C27F /* MenuViewController.swift */,
				39E225E71EAF1A7B0064C27F /* PhotoMapViewController.swift */,
				39E225E51EAF1A6F0064C27F /* PoisViewController.swift */,
				39E225E91EAF1A880064C27F /* TheWallViewController.swift */,
				39E225D51EAF159A0064C27F /* WeatherStationViewController.swift */,
				3954F5DB1EB1BDC500C234F2 /* TodoViewController.swift */,
				3954F5E31EB1C4A300C234F2 /* SettingsViewController.swift */,
				3909F0BB1EB3014C00029E44 /* WallMapViewController.swift */,
				3909F0BD1EB3017800029E44 /* WallViewController.swift */,
				3909F0C51EB3089700029E44 /* WriteOnWallViewController.swift */,
				3958077E1EB6D57500EAE714 /* FullImageViewController.swift */,
				39F84D711EBBED6F00BAE34F /* HistoricalCurrencyViewController.swift */,
			);
			name = Controller;
			sourceTree = "<group>";
		};
		3920BEB11EAEE49A00DE76C1 /* View */ = {
			isa = PBXGroup;
			children = (
				CBE20F271EB1CE0C0007776F /* WeatherCell.swift */,
				39E225F11EAF20130064C27F /* AnnotationView.swift */,
				3954F5DD1EB1BE4600C234F2 /* TableViewCell.swift */,
				CB6CC3441EBB8D9F00351372 /* MenuCell.swift */,
			);
			name = View;
			sourceTree = "<group>";
		};
		3920BEB21EAEE4A000DE76C1 /* Model */ = {
			isa = PBXGroup;
			children = (
				CBE20F281EB1CE0C0007776F /* WeatherForecast.swift */,
				39E225ED1EAF1FEA0064C27F /* PlaceAnnotation.swift */,
				39E225EF1EAF1FFB0064C27F /* Place.swift */,
				396FDEAF1EB05931005657BB /* PhotoAnnotation.swift */,
				3954F5DF1EB1BE6700C234F2 /* ToDoItem.swift */,
				3954F5E11EB1BF1600C234F2 /* StrikeThroughText.swift */,
				3909F0BF1EB301C600029E44 /* ARItem.swift */,
				3909F0C11EB3020A00029E44 /* WallMapAnnotation.swift */,
				3958077B1EB441F000EAE714 /* PhotoMap.xcdatamodeld */,
			);
			name = Model;
			sourceTree = "<group>";
		};
		3920BEB31EAF09B300DE76C1 /* Storyboards */ = {
			isa = PBXGroup;
			children = (
				39E225C51EAF0A8F0064C27F /* ChooseLocation.storyboard */,
				39E225D71EAF192F0064C27F /* Finances.storyboard */,
				39E225C71EAF0AFE0064C27F /* Hamburger.storyboard */,
				39E225CD1EAF13480064C27F /* Home.storyboard */,
				394602071EAD33DD00BAAC4F /* Main.storyboard */,
				39E225E11EAF1A4C0064C27F /* PhotoMap.storyboard */,
				39E225DF1EAF1A140064C27F /* Pois.storyboard */,
				39E225E31EAF1A5F0064C27F /* TheWall.storyboard */,
				39E225D31EAF15540064C27F /* WeatherStation.storyboard */,
				3954F5D91EB1BD8400C234F2 /* Todo.storyboard */,
				3946020C1EAD33DD00BAAC4F /* LaunchScreen.storyboard */,
			);
			name = Storyboards;
			sourceTree = "<group>";
		};
		39452CEC1EB6BE4800DE9080 /* Supporting Files */ = {
			isa = PBXGroup;
			children = (
				39452CED1EB6BEC700DE9080 /* tessdata */,
				3909F0C31EB3028100029E44 /* art.scnassets */,
				3946020A1EAD33DD00BAAC4F /* Assets.xcassets */,
				3946020F1EAD33DD00BAAC4F /* Info.plist */,
			);
			name = "Supporting Files";
			sourceTree = "<group>";
		};
		394601F71EAD33DD00BAAC4F = {
			isa = PBXGroup;
			children = (
				CB6CC3461EBB910400351372 /* Assets.xcassets */,
				394602021EAD33DD00BAAC4F /* GroupProject */,
				394602011EAD33DD00BAAC4F /* Products */,
				4E99EA5F587885EEA8717B46 /* Pods */,
				EA426B46E4C08BE29D9CD7C6 /* Frameworks */,
			);
			sourceTree = "<group>";
		};
		394602011EAD33DD00BAAC4F /* Products */ = {
			isa = PBXGroup;
			children = (
				394602001EAD33DD00BAAC4F /* GroupProject.app */,
			);
			name = Products;
			sourceTree = "<group>";
		};
		394602021EAD33DD00BAAC4F /* GroupProject */ = {
			isa = PBXGroup;
			children = (
				39934DB11EBB0C5200D54797 /* Common */,
				3920BEB21EAEE4A000DE76C1 /* Model */,
				3920BEB11EAEE49A00DE76C1 /* View */,
				3920BEB01EAEE49300DE76C1 /* Controller */,
				3920BEB31EAF09B300DE76C1 /* Storyboards */,
				3920BEAF1EAEE48700DE76C1 /* API */,
				39E225F31EAF20330064C27F /* HDAugmentedReality */,
				39452CEC1EB6BE4800DE9080 /* Supporting Files */,
				39452CF31EB6C03100DE9080 /* GroupProject-Bridging-Header.h */,
			);
			path = GroupProject;
			sourceTree = "<group>";
		};
		39934DB11EBB0C5200D54797 /* Common */ = {
			isa = PBXGroup;
			children = (
				394602031EAD33DD00BAAC4F /* AppDelegate.swift */,
			);
			name = Common;
			sourceTree = "<group>";
		};
		39E225F31EAF20330064C27F /* HDAugmentedReality */ = {
			isa = PBXGroup;
			children = (
				39E225F41EAF20330064C27F /* Classes */,
				39E225FC1EAF20330064C27F /* Resources */,
			);
			path = HDAugmentedReality;
			sourceTree = "<group>";
		};
		39E225F41EAF20330064C27F /* Classes */ = {
			isa = PBXGroup;
			children = (
				39E225F51EAF20330064C27F /* ARAnnotation.swift */,
				39E225F61EAF20330064C27F /* ARAnnotationView.swift */,
				39E225F71EAF20330064C27F /* ARConfiguration.swift */,
				39E225F81EAF20330064C27F /* ARTrackingManager.swift */,
				39E225F91EAF20330064C27F /* ARViewController.swift */,
				39E225FA1EAF20330064C27F /* Debug */,
			);
			path = Classes;
			sourceTree = "<group>";
		};
		39E225FA1EAF20330064C27F /* Debug */ = {
			isa = PBXGroup;
			children = (
				39E225FB1EAF20330064C27F /* DebugMapViewController.swift */,
			);
			path = Debug;
			sourceTree = "<group>";
		};
		39E225FC1EAF20330064C27F /* Resources */ = {
			isa = PBXGroup;
			children = (
				39E225FD1EAF20330064C27F /* DebugMapViewController.xib */,
				39E225FE1EAF20330064C27F /* hdar_close.png */,
				39E225FF1EAF20330064C27F /* hdar_close@2x.png */,
				39E226001EAF20330064C27F /* hdar_close@3x.png */,
			);
			path = Resources;
			sourceTree = "<group>";
		};
		4E99EA5F587885EEA8717B46 /* Pods */ = {
			isa = PBXGroup;
			children = (
				0D7A177C130AF460D21FD878 /* Pods-GroupProject.debug.xcconfig */,
				861B29CEEA68F6F26DC83B98 /* Pods-GroupProject.release.xcconfig */,
			);
			name = Pods;
			sourceTree = "<group>";
		};
		EA426B46E4C08BE29D9CD7C6 /* Frameworks */ = {
			isa = PBXGroup;
			children = (
				39452CF11EB6BFB100DE9080 /* libstdc++.6.0.9.tbd */,
				39452CEF1EB6BF6900DE9080 /* CoreImage.framework */,
				39452CEA1EB6BE2E00DE9080 /* TesseractOCR.framework */,
				396FDEAD1EB0549D005657BB /* MapKit.framework */,
				A8840C912490DCFBF5D8C4FC /* Pods_GroupProject.framework */,
			);
			name = Frameworks;
			sourceTree = "<group>";
		};
/* End PBXGroup section */

/* Begin PBXNativeTarget section */
		394601FF1EAD33DD00BAAC4F /* GroupProject */ = {
			isa = PBXNativeTarget;
			buildConfigurationList = 394602121EAD33DD00BAAC4F /* Build configuration list for PBXNativeTarget "GroupProject" */;
			buildPhases = (
				F48EC55CCF4D7F36BD1580F7 /* [CP] Check Pods Manifest.lock */,
				394601FC1EAD33DD00BAAC4F /* Sources */,
				394601FD1EAD33DD00BAAC4F /* Frameworks */,
				394601FE1EAD33DD00BAAC4F /* Resources */,
				5D90938356665A58E75761AD /* [CP] Embed Pods Frameworks */,
				040BA774DC192DD743F09F76 /* [CP] Copy Pods Resources */,
			);
			buildRules = (
			);
			dependencies = (
			);
			name = GroupProject;
			productName = GroupProject;
			productReference = 394602001EAD33DD00BAAC4F /* GroupProject.app */;
			productType = "com.apple.product-type.application";
		};
/* End PBXNativeTarget section */

/* Begin PBXProject section */
		394601F81EAD33DD00BAAC4F /* Project object */ = {
			isa = PBXProject;
			attributes = {
				LastSwiftUpdateCheck = 0830;
				LastUpgradeCheck = 0830;
				ORGANIZATIONNAME = "Brandon Aubrey";
				TargetAttributes = {
					394601FF1EAD33DD00BAAC4F = {
						CreatedOnToolsVersion = 8.3.2;
						DevelopmentTeam = 68W2B53UFP;
						LastSwiftMigration = 0830;
						ProvisioningStyle = Automatic;
					};
				};
			};
			buildConfigurationList = 394601FB1EAD33DD00BAAC4F /* Build configuration list for PBXProject "GroupProject" */;
			compatibilityVersion = "Xcode 3.2";
			developmentRegion = English;
			hasScannedForEncodings = 0;
			knownRegions = (
				en,
				Base,
			);
			mainGroup = 394601F71EAD33DD00BAAC4F;
			productRefGroup = 394602011EAD33DD00BAAC4F /* Products */;
			projectDirPath = "";
			projectRoot = "";
			targets = (
				394601FF1EAD33DD00BAAC4F /* GroupProject */,
			);
		};
/* End PBXProject section */

/* Begin PBXResourcesBuildPhase section */
		394601FE1EAD33DD00BAAC4F /* Resources */ = {
			isa = PBXResourcesBuildPhase;
			buildActionMask = 2147483647;
			files = (
				3909F0C41EB3028100029E44 /* art.scnassets in Resources */,
				39E225D41EAF15540064C27F /* WeatherStation.storyboard in Resources */,
				39E225D81EAF192F0064C27F /* Finances.storyboard in Resources */,
				CB6CC3471EBB910400351372 /* Assets.xcassets in Resources */,
				39E2260A1EAF20330064C27F /* hdar_close@3x.png in Resources */,
				39E225E21EAF1A4C0064C27F /* PhotoMap.storyboard in Resources */,
				39E226091EAF20330064C27F /* hdar_close@2x.png in Resources */,
				39E225C81EAF0AFE0064C27F /* Hamburger.storyboard in Resources */,
				39E226081EAF20330064C27F /* hdar_close.png in Resources */,
				3946020E1EAD33DD00BAAC4F /* LaunchScreen.storyboard in Resources */,
				39E225E41EAF1A5F0064C27F /* TheWall.storyboard in Resources */,
				39E225E01EAF1A140064C27F /* Pois.storyboard in Resources */,
				39452CEE1EB6BEC700DE9080 /* tessdata in Resources */,
				3946020B1EAD33DD00BAAC4F /* Assets.xcassets in Resources */,
				39E225CE1EAF13480064C27F /* Home.storyboard in Resources */,
				39E225C61EAF0A8F0064C27F /* ChooseLocation.storyboard in Resources */,
				39E226071EAF20330064C27F /* DebugMapViewController.xib in Resources */,
				3954F5DA1EB1BD8400C234F2 /* Todo.storyboard in Resources */,
				394602091EAD33DD00BAAC4F /* Main.storyboard in Resources */,
			);
			runOnlyForDeploymentPostprocessing = 0;
		};
/* End PBXResourcesBuildPhase section */

/* Begin PBXShellScriptBuildPhase section */
		040BA774DC192DD743F09F76 /* [CP] Copy Pods Resources */ = {
			isa = PBXShellScriptBuildPhase;
			buildActionMask = 2147483647;
			files = (
			);
			inputPaths = (
			);
			name = "[CP] Copy Pods Resources";
			outputPaths = (
			);
			runOnlyForDeploymentPostprocessing = 0;
			shellPath = /bin/sh;
			shellScript = "\"${SRCROOT}/Pods/Target Support Files/Pods-GroupProject/Pods-GroupProject-resources.sh\"\n";
			showEnvVarsInLog = 0;
		};
		5D90938356665A58E75761AD /* [CP] Embed Pods Frameworks */ = {
			isa = PBXShellScriptBuildPhase;
			buildActionMask = 2147483647;
			files = (
			);
			inputPaths = (
			);
			name = "[CP] Embed Pods Frameworks";
			outputPaths = (
			);
			runOnlyForDeploymentPostprocessing = 0;
			shellPath = /bin/sh;
			shellScript = "\"${SRCROOT}/Pods/Target Support Files/Pods-GroupProject/Pods-GroupProject-frameworks.sh\"\n";
			showEnvVarsInLog = 0;
		};
		F48EC55CCF4D7F36BD1580F7 /* [CP] Check Pods Manifest.lock */ = {
			isa = PBXShellScriptBuildPhase;
			buildActionMask = 2147483647;
			files = (
			);
			inputPaths = (
			);
			name = "[CP] Check Pods Manifest.lock";
			outputPaths = (
			);
			runOnlyForDeploymentPostprocessing = 0;
			shellPath = /bin/sh;
			shellScript = "diff \"${PODS_PODFILE_DIR_PATH}/Podfile.lock\" \"${PODS_ROOT}/Manifest.lock\" > /dev/null\nif [ $? != 0 ] ; then\n    # print error to STDERR\n    echo \"error: The sandbox is not in sync with the Podfile.lock. Run 'pod install' or update your CocoaPods installation.\" >&2\n    exit 1\nfi\n";
			showEnvVarsInLog = 0;
		};
/* End PBXShellScriptBuildPhase section */

/* Begin PBXSourcesBuildPhase section */
		394601FC1EAD33DD00BAAC4F /* Sources */ = {
			isa = PBXSourcesBuildPhase;
			buildActionMask = 2147483647;
			files = (
				39E225EE1EAF1FEA0064C27F /* PlaceAnnotation.swift in Sources */,
				39E225F21EAF20130064C27F /* AnnotationView.swift in Sources */,
				39E225E81EAF1A7B0064C27F /* PhotoMapViewController.swift in Sources */,
				394602061EAD33DD00BAAC4F /* LoginViewController.swift in Sources */,
				39E225EC1EAF1FC90064C27F /* PlaceLoader.swift in Sources */,
				3958077F1EB6D57500EAE714 /* FullImageViewController.swift in Sources */,
				3954F5DE1EB1BE4600C234F2 /* TableViewCell.swift in Sources */,
				39E225E61EAF1A6F0064C27F /* PoisViewController.swift in Sources */,
				39E225D21EAF14DC0064C27F /* DashBaseViewController.swift in Sources */,
				39E225CC1EAF0EA40064C27F /* MenuViewController.swift in Sources */,
				39E225D61EAF159A0064C27F /* WeatherStationViewController.swift in Sources */,
				39E226041EAF20330064C27F /* ARTrackingManager.swift in Sources */,
				3909F0C21EB3020A00029E44 /* WallMapAnnotation.swift in Sources */,
				39F84D721EBBED6F00BAE34F /* HistoricalCurrencyViewController.swift in Sources */,
				3954F5DC1EB1BDC500C234F2 /* TodoViewController.swift in Sources */,
				394602041EAD33DD00BAAC4F /* AppDelegate.swift in Sources */,
				39E225F01EAF1FFB0064C27F /* Place.swift in Sources */,
				39E225EA1EAF1A880064C27F /* TheWallViewController.swift in Sources */,
				39E225CA1EAF0CC50064C27F /* HamburgerViewController.swift in Sources */,
				396FDEB01EB05931005657BB /* PhotoAnnotation.swift in Sources */,
				CBE20F2A1EB1CE0C0007776F /* WeatherForecast.swift in Sources */,
				396FDEAC1EB04729005657BB /* WeatherClient.swift in Sources */,
				39E226021EAF20330064C27F /* ARAnnotationView.swift in Sources */,
				3909F0C01EB301C600029E44 /* ARItem.swift in Sources */,
				3909F0BE1EB3017800029E44 /* WallViewController.swift in Sources */,
				3954F5E41EB1C4A300C234F2 /* SettingsViewController.swift in Sources */,
				3909F0C61EB3089700029E44 /* WriteOnWallViewController.swift in Sources */,
				3954F5E21EB1BF1600C234F2 /* StrikeThroughText.swift in Sources */,
				3909F0BC1EB3014C00029E44 /* WallMapViewController.swift in Sources */,
				39934DB51EBB0D3A00D54797 /* NetworkHelpers.swift in Sources */,
				39E226051EAF20330064C27F /* ARViewController.swift in Sources */,
				3920BEB71EAF0A5B00DE76C1 /* ChooseLocationViewController.swift in Sources */,
				39E225DA1EAF19560064C27F /* FinancesViewController.swift in Sources */,
				CB6CC3451EBB8D9F00351372 /* MenuCell.swift in Sources */,
				39E226061EAF20330064C27F /* DebugMapViewController.swift in Sources */,
				3954F5E01EB1BE6700C234F2 /* ToDoItem.swift in Sources */,
				39E225D01EAF135A0064C27F /* HomeViewController.swift in Sources */,
				CBE20F291EB1CE0C0007776F /* WeatherCell.swift in Sources */,
				39E226011EAF20330064C27F /* ARAnnotation.swift in Sources */,
				3958077D1EB441F000EAE714 /* PhotoMap.xcdatamodeld in Sources */,
				39E226031EAF20330064C27F /* ARConfiguration.swift in Sources */,
				39D762DE1EADB2A8000ED44F /* FixerClient.swift in Sources */,
			);
			runOnlyForDeploymentPostprocessing = 0;
		};
/* End PBXSourcesBuildPhase section */

/* Begin PBXVariantGroup section */
		394602071EAD33DD00BAAC4F /* Main.storyboard */ = {
			isa = PBXVariantGroup;
			children = (
				394602081EAD33DD00BAAC4F /* Base */,
			);
			name = Main.storyboard;
			sourceTree = "<group>";
		};
		3946020C1EAD33DD00BAAC4F /* LaunchScreen.storyboard */ = {
			isa = PBXVariantGroup;
			children = (
				3946020D1EAD33DD00BAAC4F /* Base */,
			);
			name = LaunchScreen.storyboard;
			sourceTree = "<group>";
		};
/* End PBXVariantGroup section */

/* Begin XCBuildConfiguration section */
		394602101EAD33DD00BAAC4F /* Debug */ = {
			isa = XCBuildConfiguration;
			buildSettings = {
				ALWAYS_SEARCH_USER_PATHS = NO;
				CLANG_ANALYZER_NONNULL = YES;
				CLANG_ANALYZER_NUMBER_OBJECT_CONVERSION = YES_AGGRESSIVE;
				CLANG_CXX_LANGUAGE_STANDARD = "gnu++0x";
				CLANG_CXX_LIBRARY = "libc++";
				CLANG_ENABLE_MODULES = YES;
				CLANG_ENABLE_OBJC_ARC = YES;
				CLANG_WARN_BOOL_CONVERSION = YES;
				CLANG_WARN_CONSTANT_CONVERSION = YES;
				CLANG_WARN_DIRECT_OBJC_ISA_USAGE = YES_ERROR;
				CLANG_WARN_DOCUMENTATION_COMMENTS = YES;
				CLANG_WARN_EMPTY_BODY = YES;
				CLANG_WARN_ENUM_CONVERSION = YES;
				CLANG_WARN_INFINITE_RECURSION = YES;
				CLANG_WARN_INT_CONVERSION = YES;
				CLANG_WARN_OBJC_ROOT_CLASS = YES_ERROR;
				CLANG_WARN_SUSPICIOUS_MOVE = YES;
				CLANG_WARN_UNREACHABLE_CODE = YES;
				CLANG_WARN__DUPLICATE_METHOD_MATCH = YES;
				"CODE_SIGN_IDENTITY[sdk=iphoneos*]" = "iPhone Developer";
				COPY_PHASE_STRIP = NO;
				DEBUG_INFORMATION_FORMAT = dwarf;
				ENABLE_STRICT_OBJC_MSGSEND = YES;
				ENABLE_TESTABILITY = YES;
				GCC_C_LANGUAGE_STANDARD = gnu99;
				GCC_DYNAMIC_NO_PIC = NO;
				GCC_NO_COMMON_BLOCKS = YES;
				GCC_OPTIMIZATION_LEVEL = 0;
				GCC_PREPROCESSOR_DEFINITIONS = (
					"DEBUG=1",
					"$(inherited)",
				);
				GCC_WARN_64_TO_32_BIT_CONVERSION = YES;
				GCC_WARN_ABOUT_RETURN_TYPE = YES_ERROR;
				GCC_WARN_UNDECLARED_SELECTOR = YES;
				GCC_WARN_UNINITIALIZED_AUTOS = YES_AGGRESSIVE;
				GCC_WARN_UNUSED_FUNCTION = YES;
				GCC_WARN_UNUSED_VARIABLE = YES;
				IPHONEOS_DEPLOYMENT_TARGET = 10.3;
				MTL_ENABLE_DEBUG_INFO = YES;
				ONLY_ACTIVE_ARCH = YES;
				SDKROOT = iphoneos;
				SWIFT_ACTIVE_COMPILATION_CONDITIONS = DEBUG;
				SWIFT_OPTIMIZATION_LEVEL = "-Onone";
			};
			name = Debug;
		};
		394602111EAD33DD00BAAC4F /* Release */ = {
			isa = XCBuildConfiguration;
			buildSettings = {
				ALWAYS_SEARCH_USER_PATHS = NO;
				CLANG_ANALYZER_NONNULL = YES;
				CLANG_ANALYZER_NUMBER_OBJECT_CONVERSION = YES_AGGRESSIVE;
				CLANG_CXX_LANGUAGE_STANDARD = "gnu++0x";
				CLANG_CXX_LIBRARY = "libc++";
				CLANG_ENABLE_MODULES = YES;
				CLANG_ENABLE_OBJC_ARC = YES;
				CLANG_WARN_BOOL_CONVERSION = YES;
				CLANG_WARN_CONSTANT_CONVERSION = YES;
				CLANG_WARN_DIRECT_OBJC_ISA_USAGE = YES_ERROR;
				CLANG_WARN_DOCUMENTATION_COMMENTS = YES;
				CLANG_WARN_EMPTY_BODY = YES;
				CLANG_WARN_ENUM_CONVERSION = YES;
				CLANG_WARN_INFINITE_RECURSION = YES;
				CLANG_WARN_INT_CONVERSION = YES;
				CLANG_WARN_OBJC_ROOT_CLASS = YES_ERROR;
				CLANG_WARN_SUSPICIOUS_MOVE = YES;
				CLANG_WARN_UNREACHABLE_CODE = YES;
				CLANG_WARN__DUPLICATE_METHOD_MATCH = YES;
				"CODE_SIGN_IDENTITY[sdk=iphoneos*]" = "iPhone Developer";
				COPY_PHASE_STRIP = NO;
				DEBUG_INFORMATION_FORMAT = "dwarf-with-dsym";
				ENABLE_NS_ASSERTIONS = NO;
				ENABLE_STRICT_OBJC_MSGSEND = YES;
				GCC_C_LANGUAGE_STANDARD = gnu99;
				GCC_NO_COMMON_BLOCKS = YES;
				GCC_WARN_64_TO_32_BIT_CONVERSION = YES;
				GCC_WARN_ABOUT_RETURN_TYPE = YES_ERROR;
				GCC_WARN_UNDECLARED_SELECTOR = YES;
				GCC_WARN_UNINITIALIZED_AUTOS = YES_AGGRESSIVE;
				GCC_WARN_UNUSED_FUNCTION = YES;
				GCC_WARN_UNUSED_VARIABLE = YES;
				IPHONEOS_DEPLOYMENT_TARGET = 10.3;
				MTL_ENABLE_DEBUG_INFO = NO;
				SDKROOT = iphoneos;
				SWIFT_OPTIMIZATION_LEVEL = "-Owholemodule";
				VALIDATE_PRODUCT = YES;
			};
			name = Release;
		};
		394602131EAD33DD00BAAC4F /* Debug */ = {
			isa = XCBuildConfiguration;
			baseConfigurationReference = 0D7A177C130AF460D21FD878 /* Pods-GroupProject.debug.xcconfig */;
			buildSettings = {
				ASSETCATALOG_COMPILER_APPICON_NAME = AppIcon;
				CLANG_CXX_LIBRARY = "compiler-default";
				CLANG_ENABLE_MODULES = YES;
				DEVELOPMENT_TEAM = 68W2B53UFP;
				ENABLE_BITCODE = NO;
				FRAMEWORK_SEARCH_PATHS = (
					"$(inherited)",
					"$(PROJECT_DIR)",
					"$(SRCROOT)/**",
				);
				INFOPLIST_FILE = GroupProject/Info.plist;
				IPHONEOS_DEPLOYMENT_TARGET = 10.0;
				LD_RUNPATH_SEARCH_PATHS = "$(inherited) @executable_path/Frameworks";
				OTHER_LDFLAGS = (
					"-lstdc++",
					"$(inherited)",
				);
				PRODUCT_BUNDLE_IDENTIFIER = com.BrandonAubrey.GroupProject;
				PRODUCT_NAME = "$(TARGET_NAME)";
				SWIFT_OBJC_BRIDGING_HEADER = "GroupProject/GroupProject-Bridging-Header.h";
				SWIFT_OPTIMIZATION_LEVEL = "-Onone";
				SWIFT_VERSION = 3.0;
			};
			name = Debug;
		};
		394602141EAD33DD00BAAC4F /* Release */ = {
			isa = XCBuildConfiguration;
			baseConfigurationReference = 861B29CEEA68F6F26DC83B98 /* Pods-GroupProject.release.xcconfig */;
			buildSettings = {
				ASSETCATALOG_COMPILER_APPICON_NAME = AppIcon;
				CLANG_CXX_LIBRARY = "compiler-default";
				CLANG_ENABLE_MODULES = YES;
				DEVELOPMENT_TEAM = 68W2B53UFP;
				ENABLE_BITCODE = NO;
				FRAMEWORK_SEARCH_PATHS = (
					"$(inherited)",
					"$(PROJECT_DIR)",
					"$(SRCROOT)/**",
				);
				INFOPLIST_FILE = GroupProject/Info.plist;
				IPHONEOS_DEPLOYMENT_TARGET = 10.0;
				LD_RUNPATH_SEARCH_PATHS = "$(inherited) @executable_path/Frameworks";
				OTHER_LDFLAGS = (
					"-lstdc++",
					"$(inherited)",
				);
				PRODUCT_BUNDLE_IDENTIFIER = com.BrandonAubrey.GroupProject;
				PRODUCT_NAME = "$(TARGET_NAME)";
				SWIFT_OBJC_BRIDGING_HEADER = "GroupProject/GroupProject-Bridging-Header.h";
				SWIFT_VERSION = 3.0;
			};
			name = Release;
		};
/* End XCBuildConfiguration section */

/* Begin XCConfigurationList section */
		394601FB1EAD33DD00BAAC4F /* Build configuration list for PBXProject "GroupProject" */ = {
			isa = XCConfigurationList;
			buildConfigurations = (
				394602101EAD33DD00BAAC4F /* Debug */,
				394602111EAD33DD00BAAC4F /* Release */,
			);
			defaultConfigurationIsVisible = 0;
			defaultConfigurationName = Release;
		};
		394602121EAD33DD00BAAC4F /* Build configuration list for PBXNativeTarget "GroupProject" */ = {
			isa = XCConfigurationList;
			buildConfigurations = (
				394602131EAD33DD00BAAC4F /* Debug */,
				394602141EAD33DD00BAAC4F /* Release */,
			);
			defaultConfigurationIsVisible = 0;
			defaultConfigurationName = Release;
		};
/* End XCConfigurationList section */

/* Begin XCVersionGroup section */
		3958077B1EB441F000EAE714 /* PhotoMap.xcdatamodeld */ = {
			isa = XCVersionGroup;
			children = (
				3958077C1EB441F000EAE714 /* PhotoMap.xcdatamodel */,
			);
			currentVersion = 3958077C1EB441F000EAE714 /* PhotoMap.xcdatamodel */;
			path = PhotoMap.xcdatamodeld;
			sourceTree = "<group>";
			versionGroupType = wrapper.xcdatamodel;
		};
/* End XCVersionGroup section */
	};
	rootObject = 394601F81EAD33DD00BAAC4F /* Project object */;
}
